dependencies:
- name: postgresql
  repository: https://charts.bitnami.com/bitnami
  version: 16.2.2
- name: redis
  repository: https://charts.bitnami.com/bitnami
  version: 20.3.0
digest: sha256:c156834a26f3f8d70bae8214e40e270fa45d23ff6105c6c5e2bc57edca12e6e6
generated: "2026-04-22T09:16:52.134272-04:00"
