dependencies:
- name: postgresql
  repository: https://charts.bitnami.com/bitnami
  version: 16.2.2
- name: redis
  repository: https://charts.bitnami.com/bitnami
  version: 20.3.0
- name: opentelemetry-collector
  repository: https://open-telemetry.github.io/opentelemetry-helm-charts
  version: 0.108.0
digest: sha256:34e5cb4cff273986bf40cbf48a008dff6e73b5a9e0c8bd853a4a11e24657d9d8
generated: "2026-04-22T09:19:31.333343-04:00"
